
Microsoft Visual Studio Solution File, Format Version 12.00
# Visual Studio 15
VisualStudioVersion = 15.0.28307.168
MinimumVisualStudioVersion = 10.0.40219.1
Project("{FAE04EC0-301F-11D3-BF4B-00C04F79EFBC}") = "ConsoleApp4", "ConsoleApp4\ConsoleApp4.csproj", "{103FB628-FF00-4DB8-A2F7-85DFF4D24BCB}"
EndProject
Global
	GlobalSection(SolutionConfigurationPlatforms) = preSolution
		Debug|Any CPU = Debug|Any CPU
		Release|Any CPU = Release|Any CPU
	EndGlobalSection
	GlobalSection(ProjectConfigurationPlatforms) = postSolution
		{103FB628-FF00-4DB8-A2F7-85DFF4D24BCB}.Debug|Any CPU.ActiveCfg = Debug|Any CPU
		{103FB628-FF00-4DB8-A2F7-85DFF4D24BCB}.Debug|Any CPU.Build.0 = Debug|Any CPU
		{103FB628-FF00-4DB8-A2F7-85DFF4D24BCB}.Release|Any CPU.ActiveCfg = Release|Any CPU
		{103FB628-FF00-4DB8-A2F7-85DFF4D24BCB}.Release|Any CPU.Build.0 = Release|Any CPU
	EndGlobalSection
	GlobalSection(SolutionProperties) = preSolution
		HideSolutionNode = FALSE
	EndGlobalSection
	GlobalSection(ExtensibilityGlobals) = postSolution
		SolutionGuid = {5E41BF15-5CF8-483F-A28C-B594417AFBCA}
	EndGlobalSection
EndGlobal
